
Microsoft Visual Studio Solution File, Format Version 12.00
# Visual Studio Version 16
VisualStudioVersion = 16.0.29411.108
MinimumVisualStudioVersion = 10.0.40219.1
Project("{FAE04EC0-301F-11D3-BF4B-00C04F79EFBC}") = "VISTA", "VISTA\VISTA.csproj", "{6FCE3F01-0F41-466D-873C-28DF21C62709}"
EndProject
Project("{FAE04EC0-301F-11D3-BF4B-00C04F79EFBC}") = "CONTROLADORA", "CONTROLADORA\CONTROLADORA.csproj", "{61DA3578-C631-4BCB-B1FD-6DECE20DBB6A}"
EndProject
Project("{FAE04EC0-301F-11D3-BF4B-00C04F79EFBC}") = "DATOS", "DATOS\DATOS.csproj", "{CE3DC75C-9188-4674-AB8E-5EFDE342F04A}"
EndProject
Project("{FAE04EC0-301F-11D3-BF4B-00C04F79EFBC}") = "CASOS DE USO", "CASOS DE USO\CASOS DE USO.csproj", "{BCB50304-E265-44EC-99AB-53FE8F400700}"
EndProject
Project("{FAE04EC0-301F-11D3-BF4B-00C04F79EFBC}") = "MODELO", "MODELO\MODELO.csproj", "{2BA0EBE8-7DB9-48AF-B094-1C62EC52D734}"
EndProject
Global
	GlobalSection(SolutionConfigurationPlatforms) = preSolution
		Debug|Any CPU = Debug|Any CPU
		Release|Any CPU = Release|Any CPU
	EndGlobalSection
	GlobalSection(ProjectConfigurationPlatforms) = postSolution
		{6FCE3F01-0F41-466D-873C-28DF21C62709}.Debug|Any CPU.ActiveCfg = Debug|Any CPU
		{6FCE3F01-0F41-466D-873C-28DF21C62709}.Debug|Any CPU.Build.0 = Debug|Any CPU
		{6FCE3F01-0F41-466D-873C-28DF21C62709}.Release|Any CPU.ActiveCfg = Release|Any CPU
		{6FCE3F01-0F41-466D-873C-28DF21C62709}.Release|Any CPU.Build.0 = Release|Any CPU
		{61DA3578-C631-4BCB-B1FD-6DECE20DBB6A}.Debug|Any CPU.ActiveCfg = Debug|Any CPU
		{61DA3578-C631-4BCB-B1FD-6DECE20DBB6A}.Debug|Any CPU.Build.0 = Debug|Any CPU
		{61DA3578-C631-4BCB-B1FD-6DECE20DBB6A}.Release|Any CPU.ActiveCfg = Release|Any CPU
		{61DA3578-C631-4BCB-B1FD-6DECE20DBB6A}.Release|Any CPU.Build.0 = Release|Any CPU
		{CE3DC75C-9188-4674-AB8E-5EFDE342F04A}.Debug|Any CPU.ActiveCfg = Debug|Any CPU
		{CE3DC75C-9188-4674-AB8E-5EFDE342F04A}.Debug|Any CPU.Build.0 = Debug|Any CPU
		{CE3DC75C-9188-4674-AB8E-5EFDE342F04A}.Release|Any CPU.ActiveCfg = Release|Any CPU
		{CE3DC75C-9188-4674-AB8E-5EFDE342F04A}.Release|Any CPU.Build.0 = Release|Any CPU
		{BCB50304-E265-44EC-99AB-53FE8F400700}.Debug|Any CPU.ActiveCfg = Debug|Any CPU
		{BCB50304-E265-44EC-99AB-53FE8F400700}.Debug|Any CPU.Build.0 = Debug|Any CPU
		{BCB50304-E265-44EC-99AB-53FE8F400700}.Release|Any CPU.ActiveCfg = Release|Any CPU
		{BCB50304-E265-44EC-99AB-53FE8F400700}.Release|Any CPU.Build.0 = Release|Any CPU
		{2BA0EBE8-7DB9-48AF-B094-1C62EC52D734}.Debug|Any CPU.ActiveCfg = Debug|Any CPU
		{2BA0EBE8-7DB9-48AF-B094-1C62EC52D734}.Debug|Any CPU.Build.0 = Debug|Any CPU
		{2BA0EBE8-7DB9-48AF-B094-1C62EC52D734}.Release|Any CPU.ActiveCfg = Release|Any CPU
		{2BA0EBE8-7DB9-48AF-B094-1C62EC52D734}.Release|Any CPU.Build.0 = Release|Any CPU
	EndGlobalSection
	GlobalSection(SolutionProperties) = preSolution
		HideSolutionNode = FALSE
	EndGlobalSection
	GlobalSection(ExtensibilityGlobals) = postSolution
		SolutionGuid = {87C416FD-4C02-4C92-BF05-E5C8EBECA2E5}
	EndGlobalSection
EndGlobal
